
Microsoft Visual Studio Solution File, Format Version 12.00
# Visual Studio Version 17
VisualStudioVersion = 17.14.36414.22 d17.14
MinimumVisualStudioVersion = 10.0.40219.1
Project("{FAE04EC0-301F-11D3-BF4B-00C04F79EFBC}") = "XmlTest", "XmlTest\XmlTest.csproj", "{F09A9850-B323-4DBC-9AED-0F59F5F4495E}"
EndProject
Global
	GlobalSection(SolutionConfigurationPlatforms) = preSolution
		Debug|Any CPU = Debug|Any CPU
		Release|Any CPU = Release|Any CPU
	EndGlobalSection
	GlobalSection(ProjectConfigurationPlatforms) = postSolution
		{F09A9850-B323-4DBC-9AED-0F59F5F4495E}.Debug|Any CPU.ActiveCfg = Debug|Any CPU
		{F09A9850-B323-4DBC-9AED-0F59F5F4495E}.Debug|Any CPU.Build.0 = Debug|Any CPU
		{F09A9850-B323-4DBC-9AED-0F59F5F4495E}.Release|Any CPU.ActiveCfg = Release|Any CPU
		{F09A9850-B323-4DBC-9AED-0F59F5F4495E}.Release|Any CPU.Build.0 = Release|Any CPU
	EndGlobalSection
	GlobalSection(SolutionProperties) = preSolution
		HideSolutionNode = FALSE
	EndGlobalSection
	GlobalSection(ExtensibilityGlobals) = postSolution
		SolutionGuid = {77463685-E78A-4104-8446-BC9A2F4DBACE}
	EndGlobalSection
EndGlobal
